version: 0.151.0
dependencies:
- name: argo-cd
  repository: https://argoproj.github.io/argo-helm
  version: 5.24.0
- name: cert-manager
  repository: https://charts.jetstack.io
  version: v1.11.0
- name: chaos-mesh
  repository: https://charts.chaos-mesh.org
  version: 2.5.1
- name: ingress-nginx
  repository: https://kubernetes.github.io/ingress-nginx
  version: 4.5.2
- name: kube-prometheus-stack
  repository: https://prometheus-community.github.io/helm-charts
  version: 45.7.1
- name: loki
  repository: https://grafana.github.io/helm-charts
  version: 4.8.0
- name: metrics-server
  repository: https://kubernetes-sigs.github.io/metrics-server
  version: 3.8.4
- name: minio
  repository: https://charts.min.io
  version: 5.0.7
- name: promtail
  repository: https://grafana.github.io/helm-charts
  version: 6.9.3
- name: tigera-operator
  repository: https://projectcalico.docs.tigera.io/charts
  version: v3.25.0
digest: sha256:5494c2e93cde31dad592a08d29a913ceaf9a5a55c54799c291280471dc9f36a6
generated: "2023-03-24T19:54:55.5726577+01:00"
