version: 0.151.0
dependencies:
- name: argo-cd
  repository: https://argoproj.github.io/argo-helm
  version: 5.24.0
- name: argocd-apps
  repository: https://argoproj.github.io/argo-helm
  version: 0.0.9
- name: cert-manager
  repository: https://charts.jetstack.io
  version: v1.11.0
- name: ingress-nginx
  repository: https://kubernetes.github.io/ingress-nginx
  version: 4.5.2
- name: metrics-server
  repository: https://kubernetes-sigs.github.io/metrics-server
  version: 3.10.0
- name: tigera-operator
  repository: https://projectcalico.docs.tigera.io/charts
  version: v3.25.1
digest: sha256:479fe99ab7c5450bc066e018a2d0188fe0ee69191ed663e51e0d7bc6a7fc5522
generated: "2023-05-21T17:10:29.654374224+02:00"
